
Microsoft Visual Studio Solution File, Format Version 12.00
# Visual Studio Version 16
VisualStudioVersion = 16.0.29827.131
MinimumVisualStudioVersion = 10.0.40219.1
Project("{FAE04EC0-301F-11D3-BF4B-00C04F79EFBC}") = "NOAFntEditor", "NOAFntEditor.csproj", "{1DF54800-CB83-4BCA-9C10-022D1C4B0717}"
EndProject
Global
	GlobalSection(SolutionConfigurationPlatforms) = preSolution
		Debug|Any CPU = Debug|Any CPU
		Release|Any CPU = Release|Any CPU
	EndGlobalSection
	GlobalSection(ProjectConfigurationPlatforms) = postSolution
		{1DF54800-CB83-4BCA-9C10-022D1C4B0717}.Debug|Any CPU.ActiveCfg = Debug|Any CPU
		{1DF54800-CB83-4BCA-9C10-022D1C4B0717}.Debug|Any CPU.Build.0 = Debug|Any CPU
		{1DF54800-CB83-4BCA-9C10-022D1C4B0717}.Release|Any CPU.ActiveCfg = Release|Any CPU
		{1DF54800-CB83-4BCA-9C10-022D1C4B0717}.Release|Any CPU.Build.0 = Release|Any CPU
	EndGlobalSection
	GlobalSection(SolutionProperties) = preSolution
		HideSolutionNode = FALSE
	EndGlobalSection
	GlobalSection(ExtensibilityGlobals) = postSolution
		SolutionGuid = {FD1F7954-F521-47DC-9010-4C82FD972753}
	EndGlobalSection
EndGlobal
